
Microsoft Visual Studio Solution File, Format Version 12.00
# Visual Studio 2013
VisualStudioVersion = 12.0.31101.0
MinimumVisualStudioVersion = 10.0.40219.1
Project("{A0786B88-2ADB-4C21-ABE8-AA2D79766269}") = "wp-first-letter-avatar", "wp-first-letter-avatar.phpproj", "{CBC20A8C-C2EB-49FE-AAD4-BFD349C6167D}"
EndProject
Global
	GlobalSection(SolutionConfigurationPlatforms) = preSolution
		Debug|Any CPU = Debug|Any CPU
		Release|Any CPU = Release|Any CPU
	EndGlobalSection
	GlobalSection(ProjectConfigurationPlatforms) = postSolution
		{CBC20A8C-C2EB-49FE-AAD4-BFD349C6167D}.Debug|Any CPU.ActiveCfg = Debug|Any CPU
		{CBC20A8C-C2EB-49FE-AAD4-BFD349C6167D}.Debug|Any CPU.Build.0 = Debug|Any CPU
		{CBC20A8C-C2EB-49FE-AAD4-BFD349C6167D}.Release|Any CPU.ActiveCfg = Release|Any CPU
		{CBC20A8C-C2EB-49FE-AAD4-BFD349C6167D}.Release|Any CPU.Build.0 = Release|Any CPU
	EndGlobalSection
	GlobalSection(SolutionProperties) = preSolution
		HideSolutionNode = FALSE
	EndGlobalSection
EndGlobal
